// !$*UTF8*$!
{
	archiveVersion = 1;
	classes = {
	};
	objectVersion = 50;
	objects = {

/* Begin PBXBuildFile section */
		A908D9662610AE86001832BD /* AppDelegate.swift in Sources */ = {isa = PBXBuildFile; fileRef = A908D9652610AE86001832BD /* AppDelegate.swift */; };
		A908D9682610AE86001832BD /* SceneDelegate.swift in Sources */ = {isa = PBXBuildFile; fileRef = A908D9672610AE86001832BD /* SceneDelegate.swift */; };
		A908D96A2610AE86001832BD /* LoginViewController.swift in Sources */ = {isa = PBXBuildFile; fileRef = A908D9692610AE86001832BD /* LoginViewController.swift */; };
		A908D96D2610AE86001832BD /* Main.storyboard in Resources */ = {isa = PBXBuildFile; fileRef = A908D96B2610AE86001832BD /* Main.storyboard */; };
		A908D96F2610AE87001832BD /* Assets.xcassets in Resources */ = {isa = PBXBuildFile; fileRef = A908D96E2610AE87001832BD /* Assets.xcassets */; };
		A908D9722610AE87001832BD /* LaunchScreen.storyboard in Resources */ = {isa = PBXBuildFile; fileRef = A908D9702610AE87001832BD /* LaunchScreen.storyboard */; };
		A908D97F2610BCFA001832BD /* UdacityAPI.swift in Sources */ = {isa = PBXBuildFile; fileRef = A908D97E2610BCFA001832BD /* UdacityAPI.swift */; };
		A908D9872610BF12001832BD /* CreateSessionRequest.swift in Sources */ = {isa = PBXBuildFile; fileRef = A908D9862610BF12001832BD /* CreateSessionRequest.swift */; };
		A908D98A2610BF53001832BD /* CreateSessionResponse.swift in Sources */ = {isa = PBXBuildFile; fileRef = A908D9892610BF53001832BD /* CreateSessionResponse.swift */; };
		A934F9402610D93F00D54F74 /* PinsMapViewController.swift in Sources */ = {isa = PBXBuildFile; fileRef = A934F93F2610D93F00D54F74 /* PinsMapViewController.swift */; };
		A934F9432610D95400D54F74 /* PinsTableViewController.swift in Sources */ = {isa = PBXBuildFile; fileRef = A934F9422610D95400D54F74 /* PinsTableViewController.swift */; };
		A97AC8AF26125DE000468460 /* StudentInformation.swift in Sources */ = {isa = PBXBuildFile; fileRef = A97AC8AE26125DE000468460 /* StudentInformation.swift */; };
		A97AC8B62613348600468460 /* PinsViewController.swift in Sources */ = {isa = PBXBuildFile; fileRef = A97AC8B52613348600468460 /* PinsViewController.swift */; };
		A97AC8BA2613562B00468460 /* AddPinViewController.swift in Sources */ = {isa = PBXBuildFile; fileRef = A97AC8B92613562B00468460 /* AddPinViewController.swift */; };
		A97AC8BF2613605500468460 /* VerifyLocationViewController.swift in Sources */ = {isa = PBXBuildFile; fileRef = A97AC8BE2613605500468460 /* VerifyLocationViewController.swift */; };
/* End PBXBuildFile section */

/* Begin PBXFileReference section */
		A908D9622610AE86001832BD /* OnTheMap.app */ = {isa = PBXFileReference; explicitFileType = wrapper.application; includeInIndex = 0; path = OnTheMap.app; sourceTree = BUILT_PRODUCTS_DIR; };
		A908D9652610AE86001832BD /* AppDelegate.swift */ = {isa = PBXFileReference; lastKnownFileType = sourcecode.swift; path = AppDelegate.swift; sourceTree = "<group>"; };
		A908D9672610AE86001832BD /* SceneDelegate.swift */ = {isa = PBXFileReference; lastKnownFileType = sourcecode.swift; path = SceneDelegate.swift; sourceTree = "<group>"; };
		A908D9692610AE86001832BD /* LoginViewController.swift */ = {isa = PBXFileReference; lastKnownFileType = sourcecode.swift; path = LoginViewController.swift; sourceTree = "<group>"; };
		A908D96C2610AE86001832BD /* Base */ = {isa = PBXFileReference; lastKnownFileType = file.storyboard; name = Base; path = Base.lproj/Main.storyboard; sourceTree = "<group>"; };
		A908D96E2610AE87001832BD /* Assets.xcassets */ = {isa = PBXFileReference; lastKnownFileType = folder.assetcatalog; path = Assets.xcassets; sourceTree = "<group>"; };
		A908D9712610AE87001832BD /* Base */ = {isa = PBXFileReference; lastKnownFileType = file.storyboard; name = Base; path = Base.lproj/LaunchScreen.storyboard; sourceTree = "<group>"; };
		A908D9732610AE87001832BD /* Info.plist */ = {isa = PBXFileReference; lastKnownFileType = text.plist.xml; path = Info.plist; sourceTree = "<group>"; };
		A908D97E2610BCFA001832BD /* UdacityAPI.swift */ = {isa = PBXFileReference; lastKnownFileType = sourcecode.swift; path = UdacityAPI.swift; sourceTree = "<group>"; };
		A908D9862610BF12001832BD /* CreateSessionRequest.swift */ = {isa = PBXFileReference; lastKnownFileType = sourcecode.swift; path = CreateSessionRequest.swift; sourceTree = "<group>"; };
		A908D9892610BF53001832BD /* CreateSessionResponse.swift */ = {isa = PBXFileReference; lastKnownFileType = sourcecode.swift; path = CreateSessionResponse.swift; sourceTree = "<group>"; };
		A934F93F2610D93F00D54F74 /* PinsMapViewController.swift */ = {isa = PBXFileReference; lastKnownFileType = sourcecode.swift; path = PinsMapViewController.swift; sourceTree = "<group>"; };
		A934F9422610D95400D54F74 /* PinsTableViewController.swift */ = {isa = PBXFileReference; lastKnownFileType = sourcecode.swift; path = PinsTableViewController.swift; sourceTree = "<group>"; };
		A97AC8AE26125DE000468460 /* StudentInformation.swift */ = {isa = PBXFileReference; lastKnownFileType = sourcecode.swift; path = StudentInformation.swift; sourceTree = "<group>"; };
		A97AC8B52613348600468460 /* PinsViewController.swift */ = {isa = PBXFileReference; lastKnownFileType = sourcecode.swift; path = PinsViewController.swift; sourceTree = "<group>"; };
		A97AC8B92613562B00468460 /* AddPinViewController.swift */ = {isa = PBXFileReference; lastKnownFileType = sourcecode.swift; path = AddPinViewController.swift; sourceTree = "<group>"; };
		A97AC8BE2613605500468460 /* VerifyLocationViewController.swift */ = {isa = PBXFileReference; lastKnownFileType = sourcecode.swift; path = VerifyLocationViewController.swift; sourceTree = "<group>"; };
/* End PBXFileReference section */

/* Begin PBXFrameworksBuildPhase section */
		A908D95F2610AE86001832BD /* Frameworks */ = {
			isa = PBXFrameworksBuildPhase;
			buildActionMask = 2147483647;
			files = (
			);
			runOnlyForDeploymentPostprocessing = 0;
		};
/* End PBXFrameworksBuildPhase section */

/* Begin PBXGroup section */
		A908D9592610AE86001832BD = {
			isa = PBXGroup;
			children = (
				A908D9642610AE86001832BD /* OnTheMap */,
				A908D9632610AE86001832BD /* Products */,
			);
			sourceTree = "<group>";
		};
		A908D9632610AE86001832BD /* Products */ = {
			isa = PBXGroup;
			children = (
				A908D9622610AE86001832BD /* OnTheMap.app */,
			);
			name = Products;
			sourceTree = "<group>";
		};
		A908D9642610AE86001832BD /* OnTheMap */ = {
			isa = PBXGroup;
			children = (
				A908D96B2610AE86001832BD /* Main.storyboard */,
				A908D96E2610AE87001832BD /* Assets.xcassets */,
				A908D9702610AE87001832BD /* LaunchScreen.storyboard */,
				A908D97C2610BCCC001832BD /* Model */,
				A908D97A2610BC7E001832BD /* Controller */,
				A908D9652610AE86001832BD /* AppDelegate.swift */,
				A908D9672610AE86001832BD /* SceneDelegate.swift */,
				A908D9732610AE87001832BD /* Info.plist */,
			);
			path = OnTheMap;
			sourceTree = "<group>";
		};
		A908D97A2610BC7E001832BD /* Controller */ = {
			isa = PBXGroup;
			children = (
				A908D9692610AE86001832BD /* LoginViewController.swift */,
				A934F93F2610D93F00D54F74 /* PinsMapViewController.swift */,
				A934F9422610D95400D54F74 /* PinsTableViewController.swift */,
				A97AC8B52613348600468460 /* PinsViewController.swift */,
				A97AC8B92613562B00468460 /* AddPinViewController.swift */,
				A97AC8BE2613605500468460 /* VerifyLocationViewController.swift */,
			);
			path = Controller;
			sourceTree = "<group>";
		};
		A908D97C2610BCCC001832BD /* Model */ = {
			isa = PBXGroup;
			children = (
				A908D97D2610BCED001832BD /* UdacityAPI */,
			);
			path = Model;
			sourceTree = "<group>";
		};
		A908D97D2610BCED001832BD /* UdacityAPI */ = {
			isa = PBXGroup;
			children = (
				A908D97E2610BCFA001832BD /* UdacityAPI.swift */,
				A908D9862610BF12001832BD /* CreateSessionRequest.swift */,
				A908D9892610BF53001832BD /* CreateSessionResponse.swift */,
				A97AC8AE26125DE000468460 /* StudentInformation.swift */,
			);
			path = UdacityAPI;
			sourceTree = "<group>";
		};
/* End PBXGroup section */

/* Begin PBXNativeTarget section */
		A908D9612610AE86001832BD /* OnTheMap */ = {
			isa = PBXNativeTarget;
			buildConfigurationList = A908D9762610AE87001832BD /* Build configuration list for PBXNativeTarget "OnTheMap" */;
			buildPhases = (
				A908D95E2610AE86001832BD /* Sources */,
				A908D95F2610AE86001832BD /* Frameworks */,
				A908D9602610AE86001832BD /* Resources */,
			);
			buildRules = (
			);
			dependencies = (
			);
			name = OnTheMap;
			productName = OnTheMap;
			productReference = A908D9622610AE86001832BD /* OnTheMap.app */;
			productType = "com.apple.product-type.application";
		};
/* End PBXNativeTarget section */

/* Begin PBXProject section */
		A908D95A2610AE86001832BD /* Project object */ = {
			isa = PBXProject;
			attributes = {
				LastSwiftUpdateCheck = 1240;
				LastUpgradeCheck = 1240;
				TargetAttributes = {
					A908D9612610AE86001832BD = {
						CreatedOnToolsVersion = 12.4;
					};
				};
			};
			buildConfigurationList = A908D95D2610AE86001832BD /* Build configuration list for PBXProject "OnTheMap" */;
			compatibilityVersion = "Xcode 9.3";
			developmentRegion = en;
			hasScannedForEncodings = 0;
			knownRegions = (
				en,
				Base,
			);
			mainGroup = A908D9592610AE86001832BD;
			productRefGroup = A908D9632610AE86001832BD /* Products */;
			projectDirPath = "";
			projectRoot = "";
			targets = (
				A908D9612610AE86001832BD /* OnTheMap */,
			);
		};
/* End PBXProject section */

/* Begin PBXResourcesBuildPhase section */
		A908D9602610AE86001832BD /* Resources */ = {
			isa = PBXResourcesBuildPhase;
			buildActionMask = 2147483647;
			files = (
				A908D9722610AE87001832BD /* LaunchScreen.storyboard in Resources */,
				A908D96F2610AE87001832BD /* Assets.xcassets in Resources */,
				A908D96D2610AE86001832BD /* Main.storyboard in Resources */,
			);
			runOnlyForDeploymentPostprocessing = 0;
		};
/* End PBXResourcesBuildPhase section */

/* Begin PBXSourcesBuildPhase section */
		A908D95E2610AE86001832BD /* Sources */ = {
			isa = PBXSourcesBuildPhase;
			buildActionMask = 2147483647;
			files = (
				A908D97F2610BCFA001832BD /* UdacityAPI.swift in Sources */,
				A97AC8BA2613562B00468460 /* AddPinViewController.swift in Sources */,
				A934F9432610D95400D54F74 /* PinsTableViewController.swift in Sources */,
				A908D9872610BF12001832BD /* CreateSessionRequest.swift in Sources */,
				A934F9402610D93F00D54F74 /* PinsMapViewController.swift in Sources */,
				A97AC8AF26125DE000468460 /* StudentInformation.swift in Sources */,
				A908D96A2610AE86001832BD /* LoginViewController.swift in Sources */,
				A97AC8B62613348600468460 /* PinsViewController.swift in Sources */,
				A908D9662610AE86001832BD /* AppDelegate.swift in Sources */,
				A908D9682610AE86001832BD /* SceneDelegate.swift in Sources */,
				A97AC8BF2613605500468460 /* VerifyLocationViewController.swift in Sources */,
				A908D98A2610BF53001832BD /* CreateSessionResponse.swift in Sources */,
			);
			runOnlyForDeploymentPostprocessing = 0;
		};
/* End PBXSourcesBuildPhase section */

/* Begin PBXVariantGroup section */
		A908D96B2610AE86001832BD /* Main.storyboard */ = {
			isa = PBXVariantGroup;
			children = (
				A908D96C2610AE86001832BD /* Base */,
			);
			name = Main.storyboard;
			sourceTree = "<group>";
		};
		A908D9702610AE87001832BD /* LaunchScreen.storyboard */ = {
			isa = PBXVariantGroup;
			children = (
				A908D9712610AE87001832BD /* Base */,
			);
			name = LaunchScreen.storyboard;
			sourceTree = "<group>";
		};
/* End PBXVariantGroup section */

/* Begin XCBuildConfiguration section */
		A908D9742610AE87001832BD /* Debug */ = {
			isa = XCBuildConfiguration;
			buildSettings = {
				ALWAYS_SEARCH_USER_PATHS = NO;
				CLANG_ANALYZER_NONNULL = YES;
				CLANG_ANALYZER_NUMBER_OBJECT_CONVERSION = YES_AGGRESSIVE;
				CLANG_CXX_LANGUAGE_STANDARD = "gnu++14";
				CLANG_CXX_LIBRARY = "libc++";
				CLANG_ENABLE_MODULES = YES;
				CLANG_ENABLE_OBJC_ARC = YES;
				CLANG_ENABLE_OBJC_WEAK = YES;
				CLANG_WARN_BLOCK_CAPTURE_AUTORELEASING = YES;
				CLANG_WARN_BOOL_CONVERSION = YES;
				CLANG_WARN_COMMA = YES;
				CLANG_WARN_CONSTANT_CONVERSION = YES;
				CLANG_WARN_DEPRECATED_OBJC_IMPLEMENTATIONS = YES;
				CLANG_WARN_DIRECT_OBJC_ISA_USAGE = YES_ERROR;
				CLANG_WARN_DOCUMENTATION_COMMENTS = YES;
				CLANG_WARN_EMPTY_BODY = YES;
				CLANG_WARN_ENUM_CONVERSION = YES;
				CLANG_WARN_INFINITE_RECURSION = YES;
				CLANG_WARN_INT_CONVERSION = YES;
				CLANG_WARN_NON_LITERAL_NULL_CONVERSION = YES;
				CLANG_WARN_OBJC_IMPLICIT_RETAIN_SELF = YES;
				CLANG_WARN_OBJC_LITERAL_CONVERSION = YES;
				CLANG_WARN_OBJC_ROOT_CLASS = YES_ERROR;
				CLANG_WARN_QUOTED_INCLUDE_IN_FRAMEWORK_HEADER = YES;
				CLANG_WARN_RANGE_LOOP_ANALYSIS = YES;
				CLANG_WARN_STRICT_PROTOTYPES = YES;
				CLANG_WARN_SUSPICIOUS_MOVE = YES;
				CLANG_WARN_UNGUARDED_AVAILABILITY = YES_AGGRESSIVE;
				CLANG_WARN_UNREACHABLE_CODE = YES;
				CLANG_WARN__DUPLICATE_METHOD_MATCH = YES;
				COPY_PHASE_STRIP = NO;
				DEBUG_INFORMATION_FORMAT = dwarf;
				ENABLE_STRICT_OBJC_MSGSEND = YES;
				ENABLE_TESTABILITY = YES;
				GCC_C_LANGUAGE_STANDARD = gnu11;
				GCC_DYNAMIC_NO_PIC = NO;
				GCC_NO_COMMON_BLOCKS = YES;
				GCC_OPTIMIZATION_LEVEL = 0;
				GCC_PREPROCESSOR_DEFINITIONS = (
					"DEBUG=1",
					"$(inherited)",
				);
				GCC_WARN_64_TO_32_BIT_CONVERSION = YES;
				GCC_WARN_ABOUT_RETURN_TYPE = YES_ERROR;
				GCC_WARN_UNDECLARED_SELECTOR = YES;
				GCC_WARN_UNINITIALIZED_AUTOS = YES_AGGRESSIVE;
				GCC_WARN_UNUSED_FUNCTION = YES;
				GCC_WARN_UNUSED_VARIABLE = YES;
				IPHONEOS_DEPLOYMENT_TARGET = 14.4;
				MTL_ENABLE_DEBUG_INFO = INCLUDE_SOURCE;
				MTL_FAST_MATH = YES;
				ONLY_ACTIVE_ARCH = YES;
				SDKROOT = iphoneos;
				SWIFT_ACTIVE_COMPILATION_CONDITIONS = DEBUG;
				SWIFT_OPTIMIZATION_LEVEL = "-Onone";
			};
			name = Debug;
		};
		A908D9752610AE87001832BD /* Release */ = {
			isa = XCBuildConfiguration;
			buildSettings = {
				ALWAYS_SEARCH_USER_PATHS = NO;
				CLANG_ANALYZER_NONNULL = YES;
				CLANG_ANALYZER_NUMBER_OBJECT_CONVERSION = YES_AGGRESSIVE;
				CLANG_CXX_LANGUAGE_STANDARD = "gnu++14";
				CLANG_CXX_LIBRARY = "libc++";
				CLANG_ENABLE_MODULES = YES;
				CLANG_ENABLE_OBJC_ARC = YES;
				CLANG_ENABLE_OBJC_WEAK = YES;
				CLANG_WARN_BLOCK_CAPTURE_AUTORELEASING = YES;
				CLANG_WARN_BOOL_CONVERSION = YES;
				CLANG_WARN_COMMA = YES;
				CLANG_WARN_CONSTANT_CONVERSION = YES;
				CLANG_WARN_DEPRECATED_OBJC_IMPLEMENTATIONS = YES;
				CLANG_WARN_DIRECT_OBJC_ISA_USAGE = YES_ERROR;
				CLANG_WARN_DOCUMENTATION_COMMENTS = YES;
				CLANG_WARN_EMPTY_BODY = YES;
				CLANG_WARN_ENUM_CONVERSION = YES;
				CLANG_WARN_INFINITE_RECURSION = YES;
				CLANG_WARN_INT_CONVERSION = YES;
				CLANG_WARN_NON_LITERAL_NULL_CONVERSION = YES;
				CLANG_WARN_OBJC_IMPLICIT_RETAIN_SELF = YES;
				CLANG_WARN_OBJC_LITERAL_CONVERSION = YES;
				CLANG_WARN_OBJC_ROOT_CLASS = YES_ERROR;
				CLANG_WARN_QUOTED_INCLUDE_IN_FRAMEWORK_HEADER = YES;
				CLANG_WARN_RANGE_LOOP_ANALYSIS = YES;
				CLANG_WARN_STRICT_PROTOTYPES = YES;
				CLANG_WARN_SUSPICIOUS_MOVE = YES;
				CLANG_WARN_UNGUARDED_AVAILABILITY = YES_AGGRESSIVE;
				CLANG_WARN_UNREACHABLE_CODE = YES;
				CLANG_WARN__DUPLICATE_METHOD_MATCH = YES;
				COPY_PHASE_STRIP = NO;
				DEBUG_INFORMATION_FORMAT = "dwarf-with-dsym";
				ENABLE_NS_ASSERTIONS = NO;
				ENABLE_STRICT_OBJC_MSGSEND = YES;
				GCC_C_LANGUAGE_STANDARD = gnu11;
				GCC_NO_COMMON_BLOCKS = YES;
				GCC_WARN_64_TO_32_BIT_CONVERSION = YES;
				GCC_WARN_ABOUT_RETURN_TYPE = YES_ERROR;
				GCC_WARN_UNDECLARED_SELECTOR = YES;
				GCC_WARN_UNINITIALIZED_AUTOS = YES_AGGRESSIVE;
				GCC_WARN_UNUSED_FUNCTION = YES;
				GCC_WARN_UNUSED_VARIABLE = YES;
				IPHONEOS_DEPLOYMENT_TARGET = 14.4;
				MTL_ENABLE_DEBUG_INFO = NO;
				MTL_FAST_MATH = YES;
				SDKROOT = iphoneos;
				SWIFT_COMPILATION_MODE = wholemodule;
				SWIFT_OPTIMIZATION_LEVEL = "-O";
				VALIDATE_PRODUCT = YES;
			};
			name = Release;
		};
		A908D9772610AE87001832BD /* Debug */ = {
			isa = XCBuildConfiguration;
			buildSettings = {
				ASSETCATALOG_COMPILER_APPICON_NAME = AppIcon;
				ASSETCATALOG_COMPILER_GLOBAL_ACCENT_COLOR_NAME = AccentColor;
				CODE_SIGN_STYLE = Automatic;
				DEVELOPMENT_TEAM = 42PXE7REMQ;
				INFOPLIST_FILE = OnTheMap/Info.plist;
				LD_RUNPATH_SEARCH_PATHS = (
					"$(inherited)",
					"@executable_path/Frameworks",
				);
				PRODUCT_BUNDLE_IDENTIFIER = uk.co.pauldavies83.OnTheMap;
				PRODUCT_NAME = "$(TARGET_NAME)";
				SWIFT_VERSION = 5.0;
				TARGETED_DEVICE_FAMILY = "1,2";
			};
			name = Debug;
		};
		A908D9782610AE87001832BD /* Release */ = {
			isa = XCBuildConfiguration;
			buildSettings = {
				ASSETCATALOG_COMPILER_APPICON_NAME = AppIcon;
				ASSETCATALOG_COMPILER_GLOBAL_ACCENT_COLOR_NAME = AccentColor;
				CODE_SIGN_STYLE = Automatic;
				DEVELOPMENT_TEAM = 42PXE7REMQ;
				INFOPLIST_FILE = OnTheMap/Info.plist;
				LD_RUNPATH_SEARCH_PATHS = (
					"$(inherited)",
					"@executable_path/Frameworks",
				);
				PRODUCT_BUNDLE_IDENTIFIER = uk.co.pauldavies83.OnTheMap;
				PRODUCT_NAME = "$(TARGET_NAME)";
				SWIFT_VERSION = 5.0;
				TARGETED_DEVICE_FAMILY = "1,2";
			};
			name = Release;
		};
/* End XCBuildConfiguration section */

/* Begin XCConfigurationList section */
		A908D95D2610AE86001832BD /* Build configuration list for PBXProject "OnTheMap" */ = {
			isa = XCConfigurationList;
			buildConfigurations = (
				A908D9742610AE87001832BD /* Debug */,
				A908D9752610AE87001832BD /* Release */,
			);
			defaultConfigurationIsVisible = 0;
			defaultConfigurationName = Release;
		};
		A908D9762610AE87001832BD /* Build configuration list for PBXNativeTarget "OnTheMap" */ = {
			isa = XCConfigurationList;
			buildConfigurations = (
				A908D9772610AE87001832BD /* Debug */,
				A908D9782610AE87001832BD /* Release */,
			);
			defaultConfigurationIsVisible = 0;
			defaultConfigurationName = Release;
		};
/* End XCConfigurationList section */
	};
	rootObject = A908D95A2610AE86001832BD /* Project object */;
}
